
Microsoft Visual Studio Solution File, Format Version 12.00
# Visual Studio Version 17
VisualStudioVersion = 17.6.33801.468
MinimumVisualStudioVersion = 10.0.40219.1
Project("{FAE04EC0-301F-11D3-BF4B-00C04F79EFBC}") = "VoxelCraft", "VoxelCraft.csproj", "{C97A9F37-9EFC-4687-9459-D1BD1BA3FF80}"
EndProject
Global
	GlobalSection(SolutionConfigurationPlatforms) = preSolution
		Debug|Any CPU = Debug|Any CPU
		Release|Any CPU = Release|Any CPU
	EndGlobalSection
	GlobalSection(ProjectConfigurationPlatforms) = postSolution
		{C97A9F37-9EFC-4687-9459-D1BD1BA3FF80}.Debug|Any CPU.ActiveCfg = Debug|Any CPU
		{C97A9F37-9EFC-4687-9459-D1BD1BA3FF80}.Debug|Any CPU.Build.0 = Debug|Any CPU
		{C97A9F37-9EFC-4687-9459-D1BD1BA3FF80}.Release|Any CPU.ActiveCfg = Release|Any CPU
		{C97A9F37-9EFC-4687-9459-D1BD1BA3FF80}.Release|Any CPU.Build.0 = Release|Any CPU
	EndGlobalSection
	GlobalSection(SolutionProperties) = preSolution
		HideSolutionNode = FALSE
	EndGlobalSection
	GlobalSection(ExtensibilityGlobals) = postSolution
		SolutionGuid = {6EAEA91D-74EC-4AFA-8B08-09CB33DDB5DA}
	EndGlobalSection
EndGlobal
